// !$*UTF8*$!
{
	archiveVersion = 1;
	classes = {
	};
	objectVersion = 50;
	objects = {

/* Begin PBXBuildFile section */
		7710650A2122EB6B00BBF8D7 /* NetworkManager.swift in Sources */ = {isa = PBXBuildFile; fileRef = 771065092122EB6B00BBF8D7 /* NetworkManager.swift */; };
		77C10FDB211C31AA004C87C9 /* AppDelegate.swift in Sources */ = {isa = PBXBuildFile; fileRef = 77C10FDA211C31AA004C87C9 /* AppDelegate.swift */; };
		77C10FDD211C31AA004C87C9 /* art.scnassets in Resources */ = {isa = PBXBuildFile; fileRef = 77C10FDC211C31AA004C87C9 /* art.scnassets */; };
		77C10FDF211C31AA004C87C9 /* ViewController.swift in Sources */ = {isa = PBXBuildFile; fileRef = 77C10FDE211C31AA004C87C9 /* ViewController.swift */; };
		77C10FE2211C31AA004C87C9 /* Main.storyboard in Resources */ = {isa = PBXBuildFile; fileRef = 77C10FE0211C31AA004C87C9 /* Main.storyboard */; };
		77C10FE4211C31AD004C87C9 /* Assets.xcassets in Resources */ = {isa = PBXBuildFile; fileRef = 77C10FE3211C31AD004C87C9 /* Assets.xcassets */; };
		77C10FE7211C31AD004C87C9 /* LaunchScreen.storyboard in Resources */ = {isa = PBXBuildFile; fileRef = 77C10FE5211C31AD004C87C9 /* LaunchScreen.storyboard */; };
		77C10FF2211C31AD004C87C9 /* ARKitExampleTests.swift in Sources */ = {isa = PBXBuildFile; fileRef = 77C10FF1211C31AD004C87C9 /* ARKitExampleTests.swift */; };
		77C10FFD211C31AD004C87C9 /* ARKitExampleUITests.swift in Sources */ = {isa = PBXBuildFile; fileRef = 77C10FFC211C31AD004C87C9 /* ARKitExampleUITests.swift */; };
/* End PBXBuildFile section */

/* Begin PBXContainerItemProxy section */
		77C10FEE211C31AD004C87C9 /* PBXContainerItemProxy */ = {
			isa = PBXContainerItemProxy;
			containerPortal = 77C10FCF211C31AA004C87C9 /* Project object */;
			proxyType = 1;
			remoteGlobalIDString = 77C10FD6211C31AA004C87C9;
			remoteInfo = ARKitExample;
		};
		77C10FF9211C31AD004C87C9 /* PBXContainerItemProxy */ = {
			isa = PBXContainerItemProxy;
			containerPortal = 77C10FCF211C31AA004C87C9 /* Project object */;
			proxyType = 1;
			remoteGlobalIDString = 77C10FD6211C31AA004C87C9;
			remoteInfo = ARKitExample;
		};
/* End PBXContainerItemProxy section */

/* Begin PBXFileReference section */
		771064FB2122E26100BBF8D7 /* libIrrXML-fat.a */ = {isa = PBXFileReference; lastKnownFileType = archive.ar; name = "libIrrXML-fat.a"; path = "AssimpKit/AssimpKit/Assimp/lib/ios/libIrrXML-fat.a"; sourceTree = "<group>"; };
		771064FD2122E27100BBF8D7 /* libassimp-fat.a */ = {isa = PBXFileReference; lastKnownFileType = archive.ar; name = "libassimp-fat.a"; path = "AssimpKit/AssimpKit/Assimp/lib/ios/libassimp-fat.a"; sourceTree = "<group>"; };
		771065092122EB6B00BBF8D7 /* NetworkManager.swift */ = {isa = PBXFileReference; lastKnownFileType = sourcecode.swift; path = NetworkManager.swift; sourceTree = "<group>"; };
		77C10FD7211C31AA004C87C9 /* ARKitExample.app */ = {isa = PBXFileReference; explicitFileType = wrapper.application; includeInIndex = 0; path = ARKitExample.app; sourceTree = BUILT_PRODUCTS_DIR; };
		77C10FDA211C31AA004C87C9 /* AppDelegate.swift */ = {isa = PBXFileReference; lastKnownFileType = sourcecode.swift; path = AppDelegate.swift; sourceTree = "<group>"; };
		77C10FDC211C31AA004C87C9 /* art.scnassets */ = {isa = PBXFileReference; lastKnownFileType = wrapper.scnassets; path = art.scnassets; sourceTree = "<group>"; };
		77C10FDE211C31AA004C87C9 /* ViewController.swift */ = {isa = PBXFileReference; lastKnownFileType = sourcecode.swift; path = ViewController.swift; sourceTree = "<group>"; };
		77C10FE1211C31AA004C87C9 /* Base */ = {isa = PBXFileReference; lastKnownFileType = file.storyboard; name = Base; path = Base.lproj/Main.storyboard; sourceTree = "<group>"; };
		77C10FE3211C31AD004C87C9 /* Assets.xcassets */ = {isa = PBXFileReference; lastKnownFileType = folder.assetcatalog; path = Assets.xcassets; sourceTree = "<group>"; };
		77C10FE6211C31AD004C87C9 /* Base */ = {isa = PBXFileReference; lastKnownFileType = file.storyboard; name = Base; path = Base.lproj/LaunchScreen.storyboard; sourceTree = "<group>"; };
		77C10FE8211C31AD004C87C9 /* Info.plist */ = {isa = PBXFileReference; lastKnownFileType = text.plist.xml; path = Info.plist; sourceTree = "<group>"; };
		77C10FED211C31AD004C87C9 /* ARKitExampleTests.xctest */ = {isa = PBXFileReference; explicitFileType = wrapper.cfbundle; includeInIndex = 0; path = ARKitExampleTests.xctest; sourceTree = BUILT_PRODUCTS_DIR; };
		77C10FF1211C31AD004C87C9 /* ARKitExampleTests.swift */ = {isa = PBXFileReference; lastKnownFileType = sourcecode.swift; path = ARKitExampleTests.swift; sourceTree = "<group>"; };
		77C10FF3211C31AD004C87C9 /* Info.plist */ = {isa = PBXFileReference; lastKnownFileType = text.plist.xml; path = Info.plist; sourceTree = "<group>"; };
		77C10FF8211C31AD004C87C9 /* ARKitExampleUITests.xctest */ = {isa = PBXFileReference; explicitFileType = wrapper.cfbundle; includeInIndex = 0; path = ARKitExampleUITests.xctest; sourceTree = BUILT_PRODUCTS_DIR; };
		77C10FFC211C31AD004C87C9 /* ARKitExampleUITests.swift */ = {isa = PBXFileReference; lastKnownFileType = sourcecode.swift; path = ARKitExampleUITests.swift; sourceTree = "<group>"; };
		77C10FFE211C31AD004C87C9 /* Info.plist */ = {isa = PBXFileReference; lastKnownFileType = text.plist.xml; path = Info.plist; sourceTree = "<group>"; };
/* End PBXFileReference section */

/* Begin PBXFrameworksBuildPhase section */
		77C10FD4211C31AA004C87C9 /* Frameworks */ = {
			isa = PBXFrameworksBuildPhase;
			buildActionMask = 2147483647;
			files = (
			);
			runOnlyForDeploymentPostprocessing = 0;
		};
		77C10FEA211C31AD004C87C9 /* Frameworks */ = {
			isa = PBXFrameworksBuildPhase;
			buildActionMask = 2147483647;
			files = (
			);
			runOnlyForDeploymentPostprocessing = 0;
		};
		77C10FF5211C31AD004C87C9 /* Frameworks */ = {
			isa = PBXFrameworksBuildPhase;
			buildActionMask = 2147483647;
			files = (
			);
			runOnlyForDeploymentPostprocessing = 0;
		};
/* End PBXFrameworksBuildPhase section */

/* Begin PBXGroup section */
		3EF07102880FD97E7FB4EC1C /* Frameworks */ = {
			isa = PBXGroup;
			children = (
				771064FD2122E27100BBF8D7 /* libassimp-fat.a */,
				771064FB2122E26100BBF8D7 /* libIrrXML-fat.a */,
			);
			name = Frameworks;
			sourceTree = "<group>";
		};
		771065052122E51000BBF8D7 /* Services */ = {
			isa = PBXGroup;
			children = (
				771065062122E51B00BBF8D7 /* Network */,
			);
			path = Services;
			sourceTree = "<group>";
		};
		771065062122E51B00BBF8D7 /* Network */ = {
			isa = PBXGroup;
			children = (
				771065092122EB6B00BBF8D7 /* NetworkManager.swift */,
			);
			path = Network;
			sourceTree = "<group>";
		};
		77C10FCE211C31AA004C87C9 = {
			isa = PBXGroup;
			children = (
				77C10FD9211C31AA004C87C9 /* ARKitExample */,
				77C10FF0211C31AD004C87C9 /* ARKitExampleTests */,
				77C10FFB211C31AD004C87C9 /* ARKitExampleUITests */,
				77C10FD8211C31AA004C87C9 /* Products */,
				3EF07102880FD97E7FB4EC1C /* Frameworks */,
			);
			sourceTree = "<group>";
		};
		77C10FD8211C31AA004C87C9 /* Products */ = {
			isa = PBXGroup;
			children = (
				77C10FD7211C31AA004C87C9 /* ARKitExample.app */,
				77C10FED211C31AD004C87C9 /* ARKitExampleTests.xctest */,
				77C10FF8211C31AD004C87C9 /* ARKitExampleUITests.xctest */,
			);
			name = Products;
			sourceTree = "<group>";
		};
		77C10FD9211C31AA004C87C9 /* ARKitExample */ = {
			isa = PBXGroup;
			children = (
				771065052122E51000BBF8D7 /* Services */,
				77C10FDA211C31AA004C87C9 /* AppDelegate.swift */,
				77C10FDC211C31AA004C87C9 /* art.scnassets */,
				77C10FDE211C31AA004C87C9 /* ViewController.swift */,
				77C10FE0211C31AA004C87C9 /* Main.storyboard */,
				77C10FE3211C31AD004C87C9 /* Assets.xcassets */,
				77C10FE5211C31AD004C87C9 /* LaunchScreen.storyboard */,
				77C10FE8211C31AD004C87C9 /* Info.plist */,
			);
			path = ARKitExample;
			sourceTree = "<group>";
		};
		77C10FF0211C31AD004C87C9 /* ARKitExampleTests */ = {
			isa = PBXGroup;
			children = (
				77C10FF1211C31AD004C87C9 /* ARKitExampleTests.swift */,
				77C10FF3211C31AD004C87C9 /* Info.plist */,
			);
			path = ARKitExampleTests;
			sourceTree = "<group>";
		};
		77C10FFB211C31AD004C87C9 /* ARKitExampleUITests */ = {
			isa = PBXGroup;
			children = (
				77C10FFC211C31AD004C87C9 /* ARKitExampleUITests.swift */,
				77C10FFE211C31AD004C87C9 /* Info.plist */,
			);
			path = ARKitExampleUITests;
			sourceTree = "<group>";
		};
/* End PBXGroup section */

/* Begin PBXNativeTarget section */
		77C10FD6211C31AA004C87C9 /* ARKitExample */ = {
			isa = PBXNativeTarget;
			buildConfigurationList = 77C11001211C31AD004C87C9 /* Build configuration list for PBXNativeTarget "ARKitExample" */;
			buildPhases = (
				77C10FD3211C31AA004C87C9 /* Sources */,
				77C10FD4211C31AA004C87C9 /* Frameworks */,
				77C10FD5211C31AA004C87C9 /* Resources */,
			);
			buildRules = (
			);
			dependencies = (
			);
			name = ARKitExample;
			productName = ARKitExample;
			productReference = 77C10FD7211C31AA004C87C9 /* ARKitExample.app */;
			productType = "com.apple.product-type.application";
		};
		77C10FEC211C31AD004C87C9 /* ARKitExampleTests */ = {
			isa = PBXNativeTarget;
			buildConfigurationList = 77C11004211C31AD004C87C9 /* Build configuration list for PBXNativeTarget "ARKitExampleTests" */;
			buildPhases = (
				77C10FE9211C31AD004C87C9 /* Sources */,
				77C10FEA211C31AD004C87C9 /* Frameworks */,
				77C10FEB211C31AD004C87C9 /* Resources */,
			);
			buildRules = (
			);
			dependencies = (
				77C10FEF211C31AD004C87C9 /* PBXTargetDependency */,
			);
			name = ARKitExampleTests;
			productName = ARKitExampleTests;
			productReference = 77C10FED211C31AD004C87C9 /* ARKitExampleTests.xctest */;
			productType = "com.apple.product-type.bundle.unit-test";
		};
		77C10FF7211C31AD004C87C9 /* ARKitExampleUITests */ = {
			isa = PBXNativeTarget;
			buildConfigurationList = 77C11007211C31AD004C87C9 /* Build configuration list for PBXNativeTarget "ARKitExampleUITests" */;
			buildPhases = (
				77C10FF4211C31AD004C87C9 /* Sources */,
				77C10FF5211C31AD004C87C9 /* Frameworks */,
				77C10FF6211C31AD004C87C9 /* Resources */,
			);
			buildRules = (
			);
			dependencies = (
				77C10FFA211C31AD004C87C9 /* PBXTargetDependency */,
			);
			name = ARKitExampleUITests;
			productName = ARKitExampleUITests;
			productReference = 77C10FF8211C31AD004C87C9 /* ARKitExampleUITests.xctest */;
			productType = "com.apple.product-type.bundle.ui-testing";
		};
/* End PBXNativeTarget section */

/* Begin PBXProject section */
		77C10FCF211C31AA004C87C9 /* Project object */ = {
			isa = PBXProject;
			attributes = {
				LastSwiftUpdateCheck = 0940;
				LastUpgradeCheck = 0940;
				ORGANIZATIONNAME = "Viktor Siedov";
				TargetAttributes = {
					77C10FD6211C31AA004C87C9 = {
						CreatedOnToolsVersion = 9.4.1;
					};
					77C10FEC211C31AD004C87C9 = {
						CreatedOnToolsVersion = 9.4.1;
						TestTargetID = 77C10FD6211C31AA004C87C9;
					};
					77C10FF7211C31AD004C87C9 = {
						CreatedOnToolsVersion = 9.4.1;
						TestTargetID = 77C10FD6211C31AA004C87C9;
					};
				};
			};
			buildConfigurationList = 77C10FD2211C31AA004C87C9 /* Build configuration list for PBXProject "ARKitExample" */;
			compatibilityVersion = "Xcode 9.3";
			developmentRegion = en;
			hasScannedForEncodings = 0;
			knownRegions = (
				en,
				Base,
			);
			mainGroup = 77C10FCE211C31AA004C87C9;
			productRefGroup = 77C10FD8211C31AA004C87C9 /* Products */;
			projectDirPath = "";
			projectRoot = "";
			targets = (
				77C10FD6211C31AA004C87C9 /* ARKitExample */,
				77C10FEC211C31AD004C87C9 /* ARKitExampleTests */,
				77C10FF7211C31AD004C87C9 /* ARKitExampleUITests */,
			);
		};
/* End PBXProject section */

/* Begin PBXResourcesBuildPhase section */
		77C10FD5211C31AA004C87C9 /* Resources */ = {
			isa = PBXResourcesBuildPhase;
			buildActionMask = 2147483647;
			files = (
				77C10FDD211C31AA004C87C9 /* art.scnassets in Resources */,
				77C10FE7211C31AD004C87C9 /* LaunchScreen.storyboard in Resources */,
				77C10FE4211C31AD004C87C9 /* Assets.xcassets in Resources */,
				77C10FE2211C31AA004C87C9 /* Main.storyboard in Resources */,
			);
			runOnlyForDeploymentPostprocessing = 0;
		};
		77C10FEB211C31AD004C87C9 /* Resources */ = {
			isa = PBXResourcesBuildPhase;
			buildActionMask = 2147483647;
			files = (
			);
			runOnlyForDeploymentPostprocessing = 0;
		};
		77C10FF6211C31AD004C87C9 /* Resources */ = {
			isa = PBXResourcesBuildPhase;
			buildActionMask = 2147483647;
			files = (
			);
			runOnlyForDeploymentPostprocessing = 0;
		};
/* End PBXResourcesBuildPhase section */

/* Begin PBXSourcesBuildPhase section */
		77C10FD3211C31AA004C87C9 /* Sources */ = {
			isa = PBXSourcesBuildPhase;
			buildActionMask = 2147483647;
			files = (
				7710650A2122EB6B00BBF8D7 /* NetworkManager.swift in Sources */,
				77C10FDF211C31AA004C87C9 /* ViewController.swift in Sources */,
				77C10FDB211C31AA004C87C9 /* AppDelegate.swift in Sources */,
			);
			runOnlyForDeploymentPostprocessing = 0;
		};
		77C10FE9211C31AD004C87C9 /* Sources */ = {
			isa = PBXSourcesBuildPhase;
			buildActionMask = 2147483647;
			files = (
				77C10FF2211C31AD004C87C9 /* ARKitExampleTests.swift in Sources */,
			);
			runOnlyForDeploymentPostprocessing = 0;
		};
		77C10FF4211C31AD004C87C9 /* Sources */ = {
			isa = PBXSourcesBuildPhase;
			buildActionMask = 2147483647;
			files = (
				77C10FFD211C31AD004C87C9 /* ARKitExampleUITests.swift in Sources */,
			);
			runOnlyForDeploymentPostprocessing = 0;
		};
/* End PBXSourcesBuildPhase section */

/* Begin PBXTargetDependency section */
		77C10FEF211C31AD004C87C9 /* PBXTargetDependency */ = {
			isa = PBXTargetDependency;
			target = 77C10FD6211C31AA004C87C9 /* ARKitExample */;
			targetProxy = 77C10FEE211C31AD004C87C9 /* PBXContainerItemProxy */;
		};
		77C10FFA211C31AD004C87C9 /* PBXTargetDependency */ = {
			isa = PBXTargetDependency;
			target = 77C10FD6211C31AA004C87C9 /* ARKitExample */;
			targetProxy = 77C10FF9211C31AD004C87C9 /* PBXContainerItemProxy */;
		};
/* End PBXTargetDependency section */

/* Begin PBXVariantGroup section */
		77C10FE0211C31AA004C87C9 /* Main.storyboard */ = {
			isa = PBXVariantGroup;
			children = (
				77C10FE1211C31AA004C87C9 /* Base */,
			);
			name = Main.storyboard;
			sourceTree = "<group>";
		};
		77C10FE5211C31AD004C87C9 /* LaunchScreen.storyboard */ = {
			isa = PBXVariantGroup;
			children = (
				77C10FE6211C31AD004C87C9 /* Base */,
			);
			name = LaunchScreen.storyboard;
			sourceTree = "<group>";
		};
/* End PBXVariantGroup section */

/* Begin XCBuildConfiguration section */
		77C10FFF211C31AD004C87C9 /* Debug */ = {
			isa = XCBuildConfiguration;
			buildSettings = {
				ALWAYS_SEARCH_USER_PATHS = NO;
				CLANG_ANALYZER_NONNULL = YES;
				CLANG_ANALYZER_NUMBER_OBJECT_CONVERSION = YES_AGGRESSIVE;
				CLANG_CXX_LANGUAGE_STANDARD = "gnu++14";
				CLANG_CXX_LIBRARY = "libc++";
				CLANG_ENABLE_MODULES = YES;
				CLANG_ENABLE_OBJC_ARC = YES;
				CLANG_ENABLE_OBJC_WEAK = YES;
				CLANG_WARN_BLOCK_CAPTURE_AUTORELEASING = YES;
				CLANG_WARN_BOOL_CONVERSION = YES;
				CLANG_WARN_COMMA = YES;
				CLANG_WARN_CONSTANT_CONVERSION = YES;
				CLANG_WARN_DEPRECATED_OBJC_IMPLEMENTATIONS = YES;
				CLANG_WARN_DIRECT_OBJC_ISA_USAGE = YES_ERROR;
				CLANG_WARN_DOCUMENTATION_COMMENTS = YES;
				CLANG_WARN_EMPTY_BODY = YES;
				CLANG_WARN_ENUM_CONVERSION = YES;
				CLANG_WARN_INFINITE_RECURSION = YES;
				CLANG_WARN_INT_CONVERSION = YES;
				CLANG_WARN_NON_LITERAL_NULL_CONVERSION = YES;
				CLANG_WARN_OBJC_IMPLICIT_RETAIN_SELF = YES;
				CLANG_WARN_OBJC_LITERAL_CONVERSION = YES;
				CLANG_WARN_OBJC_ROOT_CLASS = YES_ERROR;
				CLANG_WARN_RANGE_LOOP_ANALYSIS = YES;
				CLANG_WARN_STRICT_PROTOTYPES = YES;
				CLANG_WARN_SUSPICIOUS_MOVE = YES;
				CLANG_WARN_UNGUARDED_AVAILABILITY = YES_AGGRESSIVE;
				CLANG_WARN_UNREACHABLE_CODE = YES;
				CLANG_WARN__DUPLICATE_METHOD_MATCH = YES;
				CODE_SIGN_IDENTITY = "iPhone Developer";
				COPY_PHASE_STRIP = NO;
				DEBUG_INFORMATION_FORMAT = dwarf;
				ENABLE_STRICT_OBJC_MSGSEND = YES;
				ENABLE_TESTABILITY = YES;
				GCC_C_LANGUAGE_STANDARD = gnu11;
				GCC_DYNAMIC_NO_PIC = NO;
				GCC_NO_COMMON_BLOCKS = YES;
				GCC_OPTIMIZATION_LEVEL = 0;
				GCC_PREPROCESSOR_DEFINITIONS = (
					"DEBUG=1",
					"$(inherited)",
				);
				GCC_WARN_64_TO_32_BIT_CONVERSION = YES;
				GCC_WARN_ABOUT_RETURN_TYPE = YES_ERROR;
				GCC_WARN_UNDECLARED_SELECTOR = YES;
				GCC_WARN_UNINITIALIZED_AUTOS = YES_AGGRESSIVE;
				GCC_WARN_UNUSED_FUNCTION = YES;
				GCC_WARN_UNUSED_VARIABLE = YES;
				IPHONEOS_DEPLOYMENT_TARGET = 11.4;
				MTL_ENABLE_DEBUG_INFO = YES;
				ONLY_ACTIVE_ARCH = YES;
				SDKROOT = iphoneos;
				SWIFT_ACTIVE_COMPILATION_CONDITIONS = DEBUG;
				SWIFT_OPTIMIZATION_LEVEL = "-Onone";
			};
			name = Debug;
		};
		77C11000211C31AD004C87C9 /* Release */ = {
			isa = XCBuildConfiguration;
			buildSettings = {
				ALWAYS_SEARCH_USER_PATHS = NO;
				CLANG_ANALYZER_NONNULL = YES;
				CLANG_ANALYZER_NUMBER_OBJECT_CONVERSION = YES_AGGRESSIVE;
				CLANG_CXX_LANGUAGE_STANDARD = "gnu++14";
				CLANG_CXX_LIBRARY = "libc++";
				CLANG_ENABLE_MODULES = YES;
				CLANG_ENABLE_OBJC_ARC = YES;
				CLANG_ENABLE_OBJC_WEAK = YES;
				CLANG_WARN_BLOCK_CAPTURE_AUTORELEASING = YES;
				CLANG_WARN_BOOL_CONVERSION = YES;
				CLANG_WARN_COMMA = YES;
				CLANG_WARN_CONSTANT_CONVERSION = YES;
				CLANG_WARN_DEPRECATED_OBJC_IMPLEMENTATIONS = YES;
				CLANG_WARN_DIRECT_OBJC_ISA_USAGE = YES_ERROR;
				CLANG_WARN_DOCUMENTATION_COMMENTS = YES;
				CLANG_WARN_EMPTY_BODY = YES;
				CLANG_WARN_ENUM_CONVERSION = YES;
				CLANG_WARN_INFINITE_RECURSION = YES;
				CLANG_WARN_INT_CONVERSION = YES;
				CLANG_WARN_NON_LITERAL_NULL_CONVERSION = YES;
				CLANG_WARN_OBJC_IMPLICIT_RETAIN_SELF = YES;
				CLANG_WARN_OBJC_LITERAL_CONVERSION = YES;
				CLANG_WARN_OBJC_ROOT_CLASS = YES_ERROR;
				CLANG_WARN_RANGE_LOOP_ANALYSIS = YES;
				CLANG_WARN_STRICT_PROTOTYPES = YES;
				CLANG_WARN_SUSPICIOUS_MOVE = YES;
				CLANG_WARN_UNGUARDED_AVAILABILITY = YES_AGGRESSIVE;
				CLANG_WARN_UNREACHABLE_CODE = YES;
				CLANG_WARN__DUPLICATE_METHOD_MATCH = YES;
				CODE_SIGN_IDENTITY = "iPhone Developer";
				COPY_PHASE_STRIP = NO;
				DEBUG_INFORMATION_FORMAT = "dwarf-with-dsym";
				ENABLE_NS_ASSERTIONS = NO;
				ENABLE_STRICT_OBJC_MSGSEND = YES;
				GCC_C_LANGUAGE_STANDARD = gnu11;
				GCC_NO_COMMON_BLOCKS = YES;
				GCC_WARN_64_TO_32_BIT_CONVERSION = YES;
				GCC_WARN_ABOUT_RETURN_TYPE = YES_ERROR;
				GCC_WARN_UNDECLARED_SELECTOR = YES;
				GCC_WARN_UNINITIALIZED_AUTOS = YES_AGGRESSIVE;
				GCC_WARN_UNUSED_FUNCTION = YES;
				GCC_WARN_UNUSED_VARIABLE = YES;
				IPHONEOS_DEPLOYMENT_TARGET = 11.4;
				MTL_ENABLE_DEBUG_INFO = NO;
				SDKROOT = iphoneos;
				SWIFT_COMPILATION_MODE = wholemodule;
				SWIFT_OPTIMIZATION_LEVEL = "-O";
				VALIDATE_PRODUCT = YES;
			};
			name = Release;
		};
		77C11002211C31AD004C87C9 /* Debug */ = {
			isa = XCBuildConfiguration;
			buildSettings = {
				ASSETCATALOG_COMPILER_APPICON_NAME = AppIcon;
				CODE_SIGN_STYLE = Automatic;
				DEVELOPMENT_TEAM = WZAQ2G6CH3;
				INFOPLIST_FILE = ARKitExample/Info.plist;
				LD_RUNPATH_SEARCH_PATHS = (
					"$(inherited)",
					"@executable_path/Frameworks",
				);
				LIBRARY_SEARCH_PATHS = (
					"$(inherited)",
					"$(PROJECT_DIR)/AssimpKit/AssimpKit/Assimp/lib/ios",
				);
				PRODUCT_BUNDLE_IDENTIFIER = SV.ARKitExample;
				PRODUCT_NAME = "$(TARGET_NAME)";
				SWIFT_VERSION = 4.0;
				TARGETED_DEVICE_FAMILY = "1,2";
			};
			name = Debug;
		};
		77C11003211C31AD004C87C9 /* Release */ = {
			isa = XCBuildConfiguration;
			buildSettings = {
				ASSETCATALOG_COMPILER_APPICON_NAME = AppIcon;
				CODE_SIGN_STYLE = Automatic;
				DEVELOPMENT_TEAM = WZAQ2G6CH3;
				INFOPLIST_FILE = ARKitExample/Info.plist;
				LD_RUNPATH_SEARCH_PATHS = (
					"$(inherited)",
					"@executable_path/Frameworks",
				);
				LIBRARY_SEARCH_PATHS = (
					"$(inherited)",
					"$(PROJECT_DIR)/AssimpKit/AssimpKit/Assimp/lib/ios",
				);
				PRODUCT_BUNDLE_IDENTIFIER = SV.ARKitExample;
				PRODUCT_NAME = "$(TARGET_NAME)";
				SWIFT_VERSION = 4.0;
				TARGETED_DEVICE_FAMILY = "1,2";
			};
			name = Release;
		};
		77C11005211C31AD004C87C9 /* Debug */ = {
			isa = XCBuildConfiguration;
			buildSettings = {
				ALWAYS_EMBED_SWIFT_STANDARD_LIBRARIES = YES;
				BUNDLE_LOADER = "$(TEST_HOST)";
				CODE_SIGN_STYLE = Automatic;
				DEVELOPMENT_TEAM = WZAQ2G6CH3;
				INFOPLIST_FILE = ARKitExampleTests/Info.plist;
				LD_RUNPATH_SEARCH_PATHS = (
					"$(inherited)",
					"@executable_path/Frameworks",
					"@loader_path/Frameworks",
				);
				PRODUCT_BUNDLE_IDENTIFIER = SV.ARKitExampleTests;
				PRODUCT_NAME = "$(TARGET_NAME)";
				SWIFT_VERSION = 4.0;
				TARGETED_DEVICE_FAMILY = "1,2";
				TEST_HOST = "$(BUILT_PRODUCTS_DIR)/ARKitExample.app/ARKitExample";
			};
			name = Debug;
		};
		77C11006211C31AD004C87C9 /* Release */ = {
			isa = XCBuildConfiguration;
			buildSettings = {
				ALWAYS_EMBED_SWIFT_STANDARD_LIBRARIES = YES;
				BUNDLE_LOADER = "$(TEST_HOST)";
				CODE_SIGN_STYLE = Automatic;
				DEVELOPMENT_TEAM = WZAQ2G6CH3;
				INFOPLIST_FILE = ARKitExampleTests/Info.plist;
				LD_RUNPATH_SEARCH_PATHS = (
					"$(inherited)",
					"@executable_path/Frameworks",
					"@loader_path/Frameworks",
				);
				PRODUCT_BUNDLE_IDENTIFIER = SV.ARKitExampleTests;
				PRODUCT_NAME = "$(TARGET_NAME)";
				SWIFT_VERSION = 4.0;
				TARGETED_DEVICE_FAMILY = "1,2";
				TEST_HOST = "$(BUILT_PRODUCTS_DIR)/ARKitExample.app/ARKitExample";
			};
			name = Release;
		};
		77C11008211C31AD004C87C9 /* Debug */ = {
			isa = XCBuildConfiguration;
			buildSettings = {
				ALWAYS_EMBED_SWIFT_STANDARD_LIBRARIES = YES;
				CODE_SIGN_STYLE = Automatic;
				DEVELOPMENT_TEAM = WZAQ2G6CH3;
				INFOPLIST_FILE = ARKitExampleUITests/Info.plist;
				LD_RUNPATH_SEARCH_PATHS = (
					"$(inherited)",
					"@executable_path/Frameworks",
					"@loader_path/Frameworks",
				);
				PRODUCT_BUNDLE_IDENTIFIER = SV.ARKitExampleUITests;
				PRODUCT_NAME = "$(TARGET_NAME)";
				SWIFT_VERSION = 4.0;
				TARGETED_DEVICE_FAMILY = "1,2";
				TEST_TARGET_NAME = ARKitExample;
			};
			name = Debug;
		};
		77C11009211C31AD004C87C9 /* Release */ = {
			isa = XCBuildConfiguration;
			buildSettings = {
				ALWAYS_EMBED_SWIFT_STANDARD_LIBRARIES = YES;
				CODE_SIGN_STYLE = Automatic;
				DEVELOPMENT_TEAM = WZAQ2G6CH3;
				INFOPLIST_FILE = ARKitExampleUITests/Info.plist;
				LD_RUNPATH_SEARCH_PATHS = (
					"$(inherited)",
					"@executable_path/Frameworks",
					"@loader_path/Frameworks",
				);
				PRODUCT_BUNDLE_IDENTIFIER = SV.ARKitExampleUITests;
				PRODUCT_NAME = "$(TARGET_NAME)";
				SWIFT_VERSION = 4.0;
				TARGETED_DEVICE_FAMILY = "1,2";
				TEST_TARGET_NAME = ARKitExample;
			};
			name = Release;
		};
/* End XCBuildConfiguration section */

/* Begin XCConfigurationList section */
		77C10FD2211C31AA004C87C9 /* Build configuration list for PBXProject "ARKitExample" */ = {
			isa = XCConfigurationList;
			buildConfigurations = (
				77C10FFF211C31AD004C87C9 /* Debug */,
				77C11000211C31AD004C87C9 /* Release */,
			);
			defaultConfigurationIsVisible = 0;
			defaultConfigurationName = Release;
		};
		77C11001211C31AD004C87C9 /* Build configuration list for PBXNativeTarget "ARKitExample" */ = {
			isa = XCConfigurationList;
			buildConfigurations = (
				77C11002211C31AD004C87C9 /* Debug */,
				77C11003211C31AD004C87C9 /* Release */,
			);
			defaultConfigurationIsVisible = 0;
			defaultConfigurationName = Release;
		};
		77C11004211C31AD004C87C9 /* Build configuration list for PBXNativeTarget "ARKitExampleTests" */ = {
			isa = XCConfigurationList;
			buildConfigurations = (
				77C11005211C31AD004C87C9 /* Debug */,
				77C11006211C31AD004C87C9 /* Release */,
			);
			defaultConfigurationIsVisible = 0;
			defaultConfigurationName = Release;
		};
		77C11007211C31AD004C87C9 /* Build configuration list for PBXNativeTarget "ARKitExampleUITests" */ = {
			isa = XCConfigurationList;
			buildConfigurations = (
				77C11008211C31AD004C87C9 /* Debug */,
				77C11009211C31AD004C87C9 /* Release */,
			);
			defaultConfigurationIsVisible = 0;
			defaultConfigurationName = Release;
		};
/* End XCConfigurationList section */
	};
	rootObject = 77C10FCF211C31AA004C87C9 /* Project object */;
}
